// !$*UTF8*$!
{
	archiveVersion = 1;
	classes = {
	};
	objectVersion = 46;
	objects = {

/* Begin PBXBuildFile section */
		1C9B465A1D29427800D5C7EF /* main.m in Sources */ = {isa = PBXBuildFile; fileRef = 1C9B46591D29427800D5C7EF /* main.m */; };
		1C9B465D1D29427800D5C7EF /* AppDelegate.m in Sources */ = {isa = PBXBuildFile; fileRef = 1C9B465C1D29427800D5C7EF /* AppDelegate.m */; };
		1C9B46601D29427800D5C7EF /* ViewController.m in Sources */ = {isa = PBXBuildFile; fileRef = 1C9B465F1D29427800D5C7EF /* ViewController.m */; };
		1C9B46631D29427800D5C7EF /* Main.storyboard in Resources */ = {isa = PBXBuildFile; fileRef = 1C9B46611D29427800D5C7EF /* Main.storyboard */; };
		1C9B46651D29427800D5C7EF /* Images.xcassets in Resources */ = {isa = PBXBuildFile; fileRef = 1C9B46641D29427800D5C7EF /* Images.xcassets */; };
		1C9B46681D29427800D5C7EF /* LaunchScreen.xib in Resources */ = {isa = PBXBuildFile; fileRef = 1C9B46661D29427800D5C7EF /* LaunchScreen.xib */; };
		1C9B46741D29427900D5C7EF /* MenuViewTests.m in Sources */ = {isa = PBXBuildFile; fileRef = 1C9B46731D29427900D5C7EF /* MenuViewTests.m */; };
		1C9B467F1D2945F200D5C7EF /* ShowBtn.m in Sources */ = {isa = PBXBuildFile; fileRef = 1C9B467E1D2945F200D5C7EF /* ShowBtn.m */; };
		1C9B46831D294A3D00D5C7EF /* MenuView.m in Sources */ = {isa = PBXBuildFile; fileRef = 1C9B46821D294A3D00D5C7EF /* MenuView.m */; };
		7C07D6D41D632ADE00A05CA6 /* radio.png in Resources */ = {isa = PBXBuildFile; fileRef = 7C07D6D31D632ADE00A05CA6 /* radio.png */; };
		7C45690B1D5DD605004E0D40 /* fair.png in Resources */ = {isa = PBXBuildFile; fileRef = 7C4569031D5DD605004E0D40 /* fair.png */; };
		7C45690C1D5DD605004E0D40 /* fun.png in Resources */ = {isa = PBXBuildFile; fileRef = 7C4569041D5DD605004E0D40 /* fun.png */; };
		7C45690D1D5DD605004E0D40 /* monument.png in Resources */ = {isa = PBXBuildFile; fileRef = 7C4569051D5DD605004E0D40 /* monument.png */; };
		7C45690E1D5DD605004E0D40 /* snack.png in Resources */ = {isa = PBXBuildFile; fileRef = 7C4569061D5DD605004E0D40 /* snack.png */; };
		7C45690F1D5DD605004E0D40 /* transport_1432.png in Resources */ = {isa = PBXBuildFile; fileRef = 7C4569071D5DD605004E0D40 /* transport_1432.png */; };
		7C4569101D5DD605004E0D40 /* transport_1434.png in Resources */ = {isa = PBXBuildFile; fileRef = 7C4569081D5DD605004E0D40 /* transport_1434.png */; };
		7C4569111D5DD605004E0D40 /* transport_1435.png in Resources */ = {isa = PBXBuildFile; fileRef = 7C4569091D5DD605004E0D40 /* transport_1435.png */; };
		7C4569121D5DD605004E0D40 /* transport_965.png in Resources */ = {isa = PBXBuildFile; fileRef = 7C45690A1D5DD605004E0D40 /* transport_965.png */; };
/* End PBXBuildFile section */

/* Begin PBXContainerItemProxy section */
		1C9B466E1D29427900D5C7EF /* PBXContainerItemProxy */ = {
			isa = PBXContainerItemProxy;
			containerPortal = 1C9B464C1D29427800D5C7EF /* Project object */;
			proxyType = 1;
			remoteGlobalIDString = 1C9B46531D29427800D5C7EF;
			remoteInfo = MenuView;
		};
/* End PBXContainerItemProxy section */

/* Begin PBXFileReference section */
		1C9B46541D29427800D5C7EF /* MenuView.app */ = {isa = PBXFileReference; explicitFileType = wrapper.application; includeInIndex = 0; path = MenuView.app; sourceTree = BUILT_PRODUCTS_DIR; };
		1C9B46581D29427800D5C7EF /* Info.plist */ = {isa = PBXFileReference; lastKnownFileType = text.plist.xml; path = Info.plist; sourceTree = "<group>"; };
		1C9B46591D29427800D5C7EF /* main.m */ = {isa = PBXFileReference; lastKnownFileType = sourcecode.c.objc; path = main.m; sourceTree = "<group>"; };
		1C9B465B1D29427800D5C7EF /* AppDelegate.h */ = {isa = PBXFileReference; lastKnownFileType = sourcecode.c.h; path = AppDelegate.h; sourceTree = "<group>"; };
		1C9B465C1D29427800D5C7EF /* AppDelegate.m */ = {isa = PBXFileReference; lastKnownFileType = sourcecode.c.objc; path = AppDelegate.m; sourceTree = "<group>"; };
		1C9B465E1D29427800D5C7EF /* ViewController.h */ = {isa = PBXFileReference; lastKnownFileType = sourcecode.c.h; path = ViewController.h; sourceTree = "<group>"; };
		1C9B465F1D29427800D5C7EF /* ViewController.m */ = {isa = PBXFileReference; lastKnownFileType = sourcecode.c.objc; path = ViewController.m; sourceTree = "<group>"; };
		1C9B46621D29427800D5C7EF /* Base */ = {isa = PBXFileReference; lastKnownFileType = file.storyboard; name = Base; path = Base.lproj/Main.storyboard; sourceTree = "<group>"; };
		1C9B46641D29427800D5C7EF /* Images.xcassets */ = {isa = PBXFileReference; lastKnownFileType = folder.assetcatalog; path = Images.xcassets; sourceTree = "<group>"; };
		1C9B46671D29427800D5C7EF /* Base */ = {isa = PBXFileReference; lastKnownFileType = file.xib; name = Base; path = Base.lproj/LaunchScreen.xib; sourceTree = "<group>"; };
		1C9B466D1D29427900D5C7EF /* MenuViewTests.xctest */ = {isa = PBXFileReference; explicitFileType = wrapper.cfbundle; includeInIndex = 0; path = MenuViewTests.xctest; sourceTree = BUILT_PRODUCTS_DIR; };
		1C9B46721D29427900D5C7EF /* Info.plist */ = {isa = PBXFileReference; lastKnownFileType = text.plist.xml; path = Info.plist; sourceTree = "<group>"; };
		1C9B46731D29427900D5C7EF /* MenuViewTests.m */ = {isa = PBXFileReference; lastKnownFileType = sourcecode.c.objc; path = MenuViewTests.m; sourceTree = "<group>"; };
		1C9B467D1D2945F200D5C7EF /* ShowBtn.h */ = {isa = PBXFileReference; fileEncoding = 4; lastKnownFileType = sourcecode.c.h; path = ShowBtn.h; sourceTree = "<group>"; };
		1C9B467E1D2945F200D5C7EF /* ShowBtn.m */ = {isa = PBXFileReference; fileEncoding = 4; lastKnownFileType = sourcecode.c.objc; path = ShowBtn.m; sourceTree = "<group>"; };
		1C9B46811D294A3D00D5C7EF /* MenuView.h */ = {isa = PBXFileReference; fileEncoding = 4; lastKnownFileType = sourcecode.c.h; path = MenuView.h; sourceTree = "<group>"; };
		1C9B46821D294A3D00D5C7EF /* MenuView.m */ = {isa = PBXFileReference; fileEncoding = 4; lastKnownFileType = sourcecode.c.objc; path = MenuView.m; sourceTree = "<group>"; };
		7C07D6D31D632ADE00A05CA6 /* radio.png */ = {isa = PBXFileReference; lastKnownFileType = image.png; path = radio.png; sourceTree = "<group>"; };
		7C4569031D5DD605004E0D40 /* fair.png */ = {isa = PBXFileReference; lastKnownFileType = image.png; path = fair.png; sourceTree = "<group>"; };
		7C4569041D5DD605004E0D40 /* fun.png */ = {isa = PBXFileReference; lastKnownFileType = image.png; path = fun.png; sourceTree = "<group>"; };
		7C4569051D5DD605004E0D40 /* monument.png */ = {isa = PBXFileReference; lastKnownFileType = image.png; path = monument.png; sourceTree = "<group>"; };
		7C4569061D5DD605004E0D40 /* snack.png */ = {isa = PBXFileReference; lastKnownFileType = image.png; path = snack.png; sourceTree = "<group>"; };
		7C4569071D5DD605004E0D40 /* transport_1432.png */ = {isa = PBXFileReference; lastKnownFileType = image.png; path = transport_1432.png; sourceTree = "<group>"; };
		7C4569081D5DD605004E0D40 /* transport_1434.png */ = {isa = PBXFileReference; lastKnownFileType = image.png; path = transport_1434.png; sourceTree = "<group>"; };
		7C4569091D5DD605004E0D40 /* transport_1435.png */ = {isa = PBXFileReference; lastKnownFileType = image.png; path = transport_1435.png; sourceTree = "<group>"; };
		7C45690A1D5DD605004E0D40 /* transport_965.png */ = {isa = PBXFileReference; lastKnownFileType = image.png; path = transport_965.png; sourceTree = "<group>"; };
/* End PBXFileReference section */

/* Begin PBXFrameworksBuildPhase section */
		1C9B46511D29427800D5C7EF /* Frameworks */ = {
			isa = PBXFrameworksBuildPhase;
			buildActionMask = 2147483647;
			files = (
			);
			runOnlyForDeploymentPostprocessing = 0;
		};
		1C9B466A1D29427900D5C7EF /* Frameworks */ = {
			isa = PBXFrameworksBuildPhase;
			buildActionMask = 2147483647;
			files = (
			);
			runOnlyForDeploymentPostprocessing = 0;
		};
/* End PBXFrameworksBuildPhase section */

/* Begin PBXGroup section */
		1C9B464B1D29427800D5C7EF = {
			isa = PBXGroup;
			children = (
				1C9B46561D29427800D5C7EF /* MenuView */,
				1C9B46701D29427900D5C7EF /* MenuViewTests */,
				1C9B46551D29427800D5C7EF /* Products */,
			);
			sourceTree = "<group>";
		};
		1C9B46551D29427800D5C7EF /* Products */ = {
			isa = PBXGroup;
			children = (
				1C9B46541D29427800D5C7EF /* MenuView.app */,
				1C9B466D1D29427900D5C7EF /* MenuViewTests.xctest */,
			);
			name = Products;
			sourceTree = "<group>";
		};
		1C9B46561D29427800D5C7EF /* MenuView */ = {
			isa = PBXGroup;
			children = (
				7C4569021D5DD605004E0D40 /* image */,
				1C9B465B1D29427800D5C7EF /* AppDelegate.h */,
				1C9B465C1D29427800D5C7EF /* AppDelegate.m */,
				1C9B465E1D29427800D5C7EF /* ViewController.h */,
				1C9B465F1D29427800D5C7EF /* ViewController.m */,
				1C9B467D1D2945F200D5C7EF /* ShowBtn.h */,
				1C9B467E1D2945F200D5C7EF /* ShowBtn.m */,
				1C9B46801D294A3D00D5C7EF /* MenuView */,
				1C9B46611D29427800D5C7EF /* Main.storyboard */,
				1C9B46641D29427800D5C7EF /* Images.xcassets */,
				1C9B46661D29427800D5C7EF /* LaunchScreen.xib */,
				1C9B46571D29427800D5C7EF /* Supporting Files */,
			);
			path = MenuView;
			sourceTree = "<group>";
		};
		1C9B46571D29427800D5C7EF /* Supporting Files */ = {
			isa = PBXGroup;
			children = (
				1C9B46581D29427800D5C7EF /* Info.plist */,
				1C9B46591D29427800D5C7EF /* main.m */,
			);
			name = "Supporting Files";
			sourceTree = "<group>";
		};
		1C9B46701D29427900D5C7EF /* MenuViewTests */ = {
			isa = PBXGroup;
			children = (
				1C9B46731D29427900D5C7EF /* MenuViewTests.m */,
				1C9B46711D29427900D5C7EF /* Supporting Files */,
			);
			path = MenuViewTests;
			sourceTree = "<group>";
		};
		1C9B46711D29427900D5C7EF /* Supporting Files */ = {
			isa = PBXGroup;
			children = (
				1C9B46721D29427900D5C7EF /* Info.plist */,
			);
			name = "Supporting Files";
			sourceTree = "<group>";
		};
		1C9B46801D294A3D00D5C7EF /* MenuView */ = {
			isa = PBXGroup;
			children = (
				1C9B46811D294A3D00D5C7EF /* MenuView.h */,
				1C9B46821D294A3D00D5C7EF /* MenuView.m */,
			);
			path = MenuView;
			sourceTree = "<group>";
		};
		7C4569021D5DD605004E0D40 /* image */ = {
			isa = PBXGroup;
			children = (
				7C4569031D5DD605004E0D40 /* fair.png */,
				7C4569041D5DD605004E0D40 /* fun.png */,
				7C4569051D5DD605004E0D40 /* monument.png */,
				7C4569061D5DD605004E0D40 /* snack.png */,
				7C4569071D5DD605004E0D40 /* transport_1432.png */,
				7C4569081D5DD605004E0D40 /* transport_1434.png */,
				7C4569091D5DD605004E0D40 /* transport_1435.png */,
				7C45690A1D5DD605004E0D40 /* transport_965.png */,
				7C07D6D31D632ADE00A05CA6 /* radio.png */,
			);
			path = image;
			sourceTree = "<group>";
		};
/* End PBXGroup section */

/* Begin PBXNativeTarget section */
		1C9B46531D29427800D5C7EF /* MenuView */ = {
			isa = PBXNativeTarget;
			buildConfigurationList = 1C9B46771D29427900D5C7EF /* Build configuration list for PBXNativeTarget "MenuView" */;
			buildPhases = (
				1C9B46501D29427800D5C7EF /* Sources */,
				1C9B46511D29427800D5C7EF /* Frameworks */,
				1C9B46521D29427800D5C7EF /* Resources */,
			);
			buildRules = (
			);
			dependencies = (
			);
			name = MenuView;
			productName = MenuView;
			productReference = 1C9B46541D29427800D5C7EF /* MenuView.app */;
			productType = "com.apple.product-type.application";
		};
		1C9B466C1D29427900D5C7EF /* MenuViewTests */ = {
			isa = PBXNativeTarget;
			buildConfigurationList = 1C9B467A1D29427900D5C7EF /* Build configuration list for PBXNativeTarget "MenuViewTests" */;
			buildPhases = (
				1C9B46691D29427900D5C7EF /* Sources */,
				1C9B466A1D29427900D5C7EF /* Frameworks */,
				1C9B466B1D29427900D5C7EF /* Resources */,
			);
			buildRules = (
			);
			dependencies = (
				1C9B466F1D29427900D5C7EF /* PBXTargetDependency */,
			);
			name = MenuViewTests;
			productName = MenuViewTests;
			productReference = 1C9B466D1D29427900D5C7EF /* MenuViewTests.xctest */;
			productType = "com.apple.product-type.bundle.unit-test";
		};
/* End PBXNativeTarget section */

/* Begin PBXProject section */
		1C9B464C1D29427800D5C7EF /* Project object */ = {
			isa = PBXProject;
			attributes = {
				LastUpgradeCheck = 0640;
				ORGANIZATIONNAME = Yuan;
				TargetAttributes = {
					1C9B46531D29427800D5C7EF = {
						CreatedOnToolsVersion = 6.4;
					};
					1C9B466C1D29427900D5C7EF = {
						CreatedOnToolsVersion = 6.4;
						TestTargetID = 1C9B46531D29427800D5C7EF;
					};
				};
			};
			buildConfigurationList = 1C9B464F1D29427800D5C7EF /* Build configuration list for PBXProject "MenuView" */;
			compatibilityVersion = "Xcode 3.2";
			developmentRegion = English;
			hasScannedForEncodings = 0;
			knownRegions = (
				en,
				Base,
			);
			mainGroup = 1C9B464B1D29427800D5C7EF;
			productRefGroup = 1C9B46551D29427800D5C7EF /* Products */;
			projectDirPath = "";
			projectRoot = "";
			targets = (
				1C9B46531D29427800D5C7EF /* MenuView */,
				1C9B466C1D29427900D5C7EF /* MenuViewTests */,
			);
		};
/* End PBXProject section */

/* Begin PBXResourcesBuildPhase section */
		1C9B46521D29427800D5C7EF /* Resources */ = {
			isa = PBXResourcesBuildPhase;
			buildActionMask = 2147483647;
			files = (
				1C9B46631D29427800D5C7EF /* Main.storyboard in Resources */,
				7C45690E1D5DD605004E0D40 /* snack.png in Resources */,
				7C4569111D5DD605004E0D40 /* transport_1435.png in Resources */,
				7C45690B1D5DD605004E0D40 /* fair.png in Resources */,
				7C45690F1D5DD605004E0D40 /* transport_1432.png in Resources */,
				1C9B46681D29427800D5C7EF /* LaunchScreen.xib in Resources */,
				1C9B46651D29427800D5C7EF /* Images.xcassets in Resources */,
				7C07D6D41D632ADE00A05CA6 /* radio.png in Resources */,
				7C4569121D5DD605004E0D40 /* transport_965.png in Resources */,
				7C45690D1D5DD605004E0D40 /* monument.png in Resources */,
				7C4569101D5DD605004E0D40 /* transport_1434.png in Resources */,
				7C45690C1D5DD605004E0D40 /* fun.png in Resources */,
			);
			runOnlyForDeploymentPostprocessing = 0;
		};
		1C9B466B1D29427900D5C7EF /* Resources */ = {
			isa = PBXResourcesBuildPhase;
			buildActionMask = 2147483647;
			files = (
			);
			runOnlyForDeploymentPostprocessing = 0;
		};
/* End PBXResourcesBuildPhase section */

/* Begin PBXSourcesBuildPhase section */
		1C9B46501D29427800D5C7EF /* Sources */ = {
			isa = PBXSourcesBuildPhase;
			buildActionMask = 2147483647;
			files = (
				1C9B46601D29427800D5C7EF /* ViewController.m in Sources */,
				1C9B467F1D2945F200D5C7EF /* ShowBtn.m in Sources */,
				1C9B465D1D29427800D5C7EF /* AppDelegate.m in Sources */,
				1C9B465A1D29427800D5C7EF /* main.m in Sources */,
				1C9B46831D294A3D00D5C7EF /* MenuView.m in Sources */,
			);
			runOnlyForDeploymentPostprocessing = 0;
		};
		1C9B46691D29427900D5C7EF /* Sources */ = {
			isa = PBXSourcesBuildPhase;
			buildActionMask = 2147483647;
			files = (
				1C9B46741D29427900D5C7EF /* MenuViewTests.m in Sources */,
			);
			runOnlyForDeploymentPostprocessing = 0;
		};
/* End PBXSourcesBuildPhase section */

/* Begin PBXTargetDependency section */
		1C9B466F1D29427900D5C7EF /* PBXTargetDependency */ = {
			isa = PBXTargetDependency;
			target = 1C9B46531D29427800D5C7EF /* MenuView */;
			targetProxy = 1C9B466E1D29427900D5C7EF /* PBXContainerItemProxy */;
		};
/* End PBXTargetDependency section */

/* Begin PBXVariantGroup section */
		1C9B46611D29427800D5C7EF /* Main.storyboard */ = {
			isa = PBXVariantGroup;
			children = (
				1C9B46621D29427800D5C7EF /* Base */,
			);
			name = Main.storyboard;
			sourceTree = "<group>";
		};
		1C9B46661D29427800D5C7EF /* LaunchScreen.xib */ = {
			isa = PBXVariantGroup;
			children = (
				1C9B46671D29427800D5C7EF /* Base */,
			);
			name = LaunchScreen.xib;
			sourceTree = "<group>";
		};
/* End PBXVariantGroup section */

/* Begin XCBuildConfiguration section */
		1C9B46751D29427900D5C7EF /* Debug */ = {
			isa = XCBuildConfiguration;
			buildSettings = {
				ALWAYS_SEARCH_USER_PATHS = NO;
				CLANG_CXX_LANGUAGE_STANDARD = "gnu++0x";
				CLANG_CXX_LIBRARY = "libc++";
				CLANG_ENABLE_MODULES = YES;
				CLANG_ENABLE_OBJC_ARC = YES;
				CLANG_WARN_BOOL_CONVERSION = YES;
				CLANG_WARN_CONSTANT_CONVERSION = YES;
				CLANG_WARN_DIRECT_OBJC_ISA_USAGE = YES_ERROR;
				CLANG_WARN_EMPTY_BODY = YES;
				CLANG_WARN_ENUM_CONVERSION = YES;
				CLANG_WARN_INT_CONVERSION = YES;
				CLANG_WARN_OBJC_ROOT_CLASS = YES_ERROR;
				CLANG_WARN_UNREACHABLE_CODE = YES;
				CLANG_WARN__DUPLICATE_METHOD_MATCH = YES;
				"CODE_SIGN_IDENTITY[sdk=iphoneos*]" = "iPhone Developer";
				COPY_PHASE_STRIP = NO;
				DEBUG_INFORMATION_FORMAT = "dwarf-with-dsym";
				ENABLE_STRICT_OBJC_MSGSEND = YES;
				GCC_C_LANGUAGE_STANDARD = gnu99;
				GCC_DYNAMIC_NO_PIC = NO;
				GCC_NO_COMMON_BLOCKS = YES;
				GCC_OPTIMIZATION_LEVEL = 0;
				GCC_PREPROCESSOR_DEFINITIONS = (
					"DEBUG=1",
					"$(inherited)",
				);
				GCC_SYMBOLS_PRIVATE_EXTERN = NO;
				GCC_WARN_64_TO_32_BIT_CONVERSION = YES;
				GCC_WARN_ABOUT_RETURN_TYPE = YES_ERROR;
				GCC_WARN_UNDECLARED_SELECTOR = YES;
				GCC_WARN_UNINITIALIZED_AUTOS = YES_AGGRESSIVE;
				GCC_WARN_UNUSED_FUNCTION = YES;
				GCC_WARN_UNUSED_VARIABLE = YES;
				IPHONEOS_DEPLOYMENT_TARGET = 8.4;
				MTL_ENABLE_DEBUG_INFO = YES;
				ONLY_ACTIVE_ARCH = YES;
				SDKROOT = iphoneos;
				TARGETED_DEVICE_FAMILY = "1,2";
			};
			name = Debug;
		};
		1C9B46761D29427900D5C7EF /* Release */ = {
			isa = XCBuildConfiguration;
			buildSettings = {
				ALWAYS_SEARCH_USER_PATHS = NO;
				CLANG_CXX_LANGUAGE_STANDARD = "gnu++0x";
				CLANG_CXX_LIBRARY = "libc++";
				CLANG_ENABLE_MODULES = YES;
				CLANG_ENABLE_OBJC_ARC = YES;
				CLANG_WARN_BOOL_CONVERSION = YES;
				CLANG_WARN_CONSTANT_CONVERSION = YES;
				CLANG_WARN_DIRECT_OBJC_ISA_USAGE = YES_ERROR;
				CLANG_WARN_EMPTY_BODY = YES;
				CLANG_WARN_ENUM_CONVERSION = YES;
				CLANG_WARN_INT_CONVERSION = YES;
				CLANG_WARN_OBJC_ROOT_CLASS = YES_ERROR;
				CLANG_WARN_UNREACHABLE_CODE = YES;
				CLANG_WARN__DUPLICATE_METHOD_MATCH = YES;
				"CODE_SIGN_IDENTITY[sdk=iphoneos*]" = "iPhone Developer";
				COPY_PHASE_STRIP = NO;
				DEBUG_INFORMATION_FORMAT = "dwarf-with-dsym";
				ENABLE_NS_ASSERTIONS = NO;
				ENABLE_STRICT_OBJC_MSGSEND = YES;
				GCC_C_LANGUAGE_STANDARD = gnu99;
				GCC_NO_COMMON_BLOCKS = YES;
				GCC_WARN_64_TO_32_BIT_CONVERSION = YES;
				GCC_WARN_ABOUT_RETURN_TYPE = YES_ERROR;
				GCC_WARN_UNDECLARED_SELECTOR = YES;
				GCC_WARN_UNINITIALIZED_AUTOS = YES_AGGRESSIVE;
				GCC_WARN_UNUSED_FUNCTION = YES;
				GCC_WARN_UNUSED_VARIABLE = YES;
				IPHONEOS_DEPLOYMENT_TARGET = 8.4;
				MTL_ENABLE_DEBUG_INFO = NO;
				SDKROOT = iphoneos;
				TARGETED_DEVICE_FAMILY = "1,2";
				VALIDATE_PRODUCT = YES;
			};
			name = Release;
		};
		1C9B46781D29427900D5C7EF /* Debug */ = {
			isa = XCBuildConfiguration;
			buildSettings = {
				ASSETCATALOG_COMPILER_APPICON_NAME = AppIcon;
				INFOPLIST_FILE = MenuView/Info.plist;
				LD_RUNPATH_SEARCH_PATHS = "$(inherited) @executable_path/Frameworks";
				PRODUCT_NAME = "$(TARGET_NAME)";
			};
			name = Debug;
		};
		1C9B46791D29427900D5C7EF /* Release */ = {
			isa = XCBuildConfiguration;
			buildSettings = {
				ASSETCATALOG_COMPILER_APPICON_NAME = AppIcon;
				INFOPLIST_FILE = MenuView/Info.plist;
				LD_RUNPATH_SEARCH_PATHS = "$(inherited) @executable_path/Frameworks";
				PRODUCT_NAME = "$(TARGET_NAME)";
			};
			name = Release;
		};
		1C9B467B1D29427900D5C7EF /* Debug */ = {
			isa = XCBuildConfiguration;
			buildSettings = {
				BUNDLE_LOADER = "$(TEST_HOST)";
				FRAMEWORK_SEARCH_PATHS = (
					"$(SDKROOT)/Developer/Library/Frameworks",
					"$(inherited)",
				);
				GCC_PREPROCESSOR_DEFINITIONS = (
					"DEBUG=1",
					"$(inherited)",
				);
				INFOPLIST_FILE = MenuViewTests/Info.plist;
				LD_RUNPATH_SEARCH_PATHS = "$(inherited) @executable_path/Frameworks @loader_path/Frameworks";
				PRODUCT_NAME = "$(TARGET_NAME)";
				TEST_HOST = "$(BUILT_PRODUCTS_DIR)/MenuView.app/MenuView";
			};
			name = Debug;
		};
		1C9B467C1D29427900D5C7EF /* Release */ = {
			isa = XCBuildConfiguration;
			buildSettings = {
				BUNDLE_LOADER = "$(TEST_HOST)";
				FRAMEWORK_SEARCH_PATHS = (
					"$(SDKROOT)/Developer/Library/Frameworks",
					"$(inherited)",
				);
				INFOPLIST_FILE = MenuViewTests/Info.plist;
				LD_RUNPATH_SEARCH_PATHS = "$(inherited) @executable_path/Frameworks @loader_path/Frameworks";
				PRODUCT_NAME = "$(TARGET_NAME)";
				TEST_HOST = "$(BUILT_PRODUCTS_DIR)/MenuView.app/MenuView";
			};
			name = Release;
		};
/* End XCBuildConfiguration section */

/* Begin XCConfigurationList section */
		1C9B464F1D29427800D5C7EF /* Build configuration list for PBXProject "MenuView" */ = {
			isa = XCConfigurationList;
			buildConfigurations = (
				1C9B46751D29427900D5C7EF /* Debug */,
				1C9B46761D29427900D5C7EF /* Release */,
			);
			defaultConfigurationIsVisible = 0;
			defaultConfigurationName = Release;
		};
		1C9B46771D29427900D5C7EF /* Build configuration list for PBXNativeTarget "MenuView" */ = {
			isa = XCConfigurationList;
			buildConfigurations = (
				1C9B46781D29427900D5C7EF /* Debug */,
				1C9B46791D29427900D5C7EF /* Release */,
			);
			defaultConfigurationIsVisible = 0;
			defaultConfigurationName = Release;
		};
		1C9B467A1D29427900D5C7EF /* Build configuration list for PBXNativeTarget "MenuViewTests" */ = {
			isa = XCConfigurationList;
			buildConfigurations = (
				1C9B467B1D29427900D5C7EF /* Debug */,
				1C9B467C1D29427900D5C7EF /* Release */,
			);
			defaultConfigurationIsVisible = 0;
			defaultConfigurationName = Release;
		};
/* End XCConfigurationList section */
	};
	rootObject = 1C9B464C1D29427800D5C7EF /* Project object */;
}
